
Microsoft Visual Studio Solution File, Format Version 12.00
# Visual Studio Version 17
VisualStudioVersion = 17.0.32014.148
MinimumVisualStudioVersion = 10.0.40219.1
Project("{9A19103F-16F7-4668-BE54-9A1E7A4F7556}") = "CaptainLogger", "CaptainLogger\CaptainLogger.csproj", "{E32D628B-814F-4D73-B6E6-371BB5038573}"
EndProject
Project("{9A19103F-16F7-4668-BE54-9A1E7A4F7556}") = "CaptainLogger.Tests", "CaptainLogger.Tests\CaptainLogger.Tests.csproj", "{E7F13A46-4B54-4D6E-A070-88AAC09F2ADA}"
EndProject
Project("{9A19103F-16F7-4668-BE54-9A1E7A4F7556}") = "CaptainLogger.Tests.ConsoleApp", "CaptainLogger.Tests.ConsoleApp\CaptainLogger.Tests.ConsoleApp.csproj", "{85D06848-7186-46AD-B8C7-15C99E301FC7}"
EndProject
Project("{9A19103F-16F7-4668-BE54-9A1E7A4F7556}") = "CaptainLogger.Tests.ConsoleApp.Concurrency", "CaptainLogger.Tests.ConsoleApp.Concurrency\CaptainLogger.Tests.ConsoleApp.Concurrency.csproj", "{D131FA9F-FC52-4981-B0F5-54521A14D72E}"
EndProject
Project("{2150E333-8FDC-42A3-9474-1A3956D46DE8}") = "Solution Items", "Solution Items", "{35F9EC95-1109-402E-8723-0826ABFD5898}"
	ProjectSection(SolutionItems) = preProject
		..\..\.github\workflows\dotnet.yml = ..\..\.github\workflows\dotnet.yml
	EndProjectSection
EndProject
Project("{9A19103F-16F7-4668-BE54-9A1E7A4F7556}") = "CaptainLogger.Tests.ConsoleApp.Generator", "CaptainLogger.Tests.ConsoleApp.Generator\CaptainLogger.Tests.ConsoleApp.Generator.csproj", "{DFCB51AF-4815-441F-A683-80E55E588E54}"
EndProject
Project("{9A19103F-16F7-4668-BE54-9A1E7A4F7556}") = "CaptainLogger.Contracts", "CaptainLogger.Contracts\CaptainLogger.Contracts.csproj", "{E83C1757-3989-4FE1-913A-9676AB8F9E74}"
EndProject
Project("{9A19103F-16F7-4668-BE54-9A1E7A4F7556}") = "CaptainLogger.Extensions.Generator", "CaptainLogger.Extensions.Generator\CaptainLogger.Extensions.Generator.csproj", "{2C1165F9-7384-47EE-8B91-340C3E0969BD}"
EndProject
Project("{FAE04EC0-301F-11D3-BF4B-00C04F79EFBC}") = "CaptainLogger.Benchmarks", "CaptainLogger.Benchmarks\CaptainLogger.Benchmarks.csproj", "{1DD6505F-5342-4BD5-A867-FF9C1C911702}"
EndProject
Global
	GlobalSection(SolutionConfigurationPlatforms) = preSolution
		Debug|Any CPU = Debug|Any CPU
		Release|Any CPU = Release|Any CPU
	EndGlobalSection
	GlobalSection(ProjectConfigurationPlatforms) = postSolution
		{E32D628B-814F-4D73-B6E6-371BB5038573}.Debug|Any CPU.ActiveCfg = Debug|Any CPU
		{E32D628B-814F-4D73-B6E6-371BB5038573}.Debug|Any CPU.Build.0 = Debug|Any CPU
		{E32D628B-814F-4D73-B6E6-371BB5038573}.Release|Any CPU.ActiveCfg = Release|Any CPU
		{E32D628B-814F-4D73-B6E6-371BB5038573}.Release|Any CPU.Build.0 = Release|Any CPU
		{E7F13A46-4B54-4D6E-A070-88AAC09F2ADA}.Debug|Any CPU.ActiveCfg = Debug|Any CPU
		{E7F13A46-4B54-4D6E-A070-88AAC09F2ADA}.Debug|Any CPU.Build.0 = Debug|Any CPU
		{E7F13A46-4B54-4D6E-A070-88AAC09F2ADA}.Release|Any CPU.ActiveCfg = Release|Any CPU
		{E7F13A46-4B54-4D6E-A070-88AAC09F2ADA}.Release|Any CPU.Build.0 = Release|Any CPU
		{85D06848-7186-46AD-B8C7-15C99E301FC7}.Debug|Any CPU.ActiveCfg = Debug|Any CPU
		{85D06848-7186-46AD-B8C7-15C99E301FC7}.Debug|Any CPU.Build.0 = Debug|Any CPU
		{85D06848-7186-46AD-B8C7-15C99E301FC7}.Release|Any CPU.ActiveCfg = Release|Any CPU
		{85D06848-7186-46AD-B8C7-15C99E301FC7}.Release|Any CPU.Build.0 = Release|Any CPU
		{D131FA9F-FC52-4981-B0F5-54521A14D72E}.Debug|Any CPU.ActiveCfg = Debug|Any CPU
		{D131FA9F-FC52-4981-B0F5-54521A14D72E}.Debug|Any CPU.Build.0 = Debug|Any CPU
		{D131FA9F-FC52-4981-B0F5-54521A14D72E}.Release|Any CPU.ActiveCfg = Release|Any CPU
		{D131FA9F-FC52-4981-B0F5-54521A14D72E}.Release|Any CPU.Build.0 = Release|Any CPU
		{DFCB51AF-4815-441F-A683-80E55E588E54}.Debug|Any CPU.ActiveCfg = Debug|Any CPU
		{DFCB51AF-4815-441F-A683-80E55E588E54}.Debug|Any CPU.Build.0 = Debug|Any CPU
		{DFCB51AF-4815-441F-A683-80E55E588E54}.Release|Any CPU.ActiveCfg = Release|Any CPU
		{DFCB51AF-4815-441F-A683-80E55E588E54}.Release|Any CPU.Build.0 = Release|Any CPU
		{E83C1757-3989-4FE1-913A-9676AB8F9E74}.Debug|Any CPU.ActiveCfg = Debug|Any CPU
		{E83C1757-3989-4FE1-913A-9676AB8F9E74}.Debug|Any CPU.Build.0 = Debug|Any CPU
		{E83C1757-3989-4FE1-913A-9676AB8F9E74}.Release|Any CPU.ActiveCfg = Release|Any CPU
		{E83C1757-3989-4FE1-913A-9676AB8F9E74}.Release|Any CPU.Build.0 = Release|Any CPU
		{2C1165F9-7384-47EE-8B91-340C3E0969BD}.Debug|Any CPU.ActiveCfg = Debug|Any CPU
		{2C1165F9-7384-47EE-8B91-340C3E0969BD}.Debug|Any CPU.Build.0 = Debug|Any CPU
		{2C1165F9-7384-47EE-8B91-340C3E0969BD}.Release|Any CPU.ActiveCfg = Release|Any CPU
		{2C1165F9-7384-47EE-8B91-340C3E0969BD}.Release|Any CPU.Build.0 = Release|Any CPU
		{1DD6505F-5342-4BD5-A867-FF9C1C911702}.Debug|Any CPU.ActiveCfg = Debug|Any CPU
		{1DD6505F-5342-4BD5-A867-FF9C1C911702}.Debug|Any CPU.Build.0 = Debug|Any CPU
		{1DD6505F-5342-4BD5-A867-FF9C1C911702}.Release|Any CPU.ActiveCfg = Release|Any CPU
		{1DD6505F-5342-4BD5-A867-FF9C1C911702}.Release|Any CPU.Build.0 = Release|Any CPU
	EndGlobalSection
	GlobalSection(SolutionProperties) = preSolution
		HideSolutionNode = FALSE
	EndGlobalSection
	GlobalSection(ExtensibilityGlobals) = postSolution
		SolutionGuid = {B4101853-A9CE-4510-A3C0-E75F2DE51852}
	EndGlobalSection
EndGlobal
