
Microsoft Visual Studio Solution File, Format Version 12.00
# Visual Studio Version 17
VisualStudioVersion = 17.0.32014.148
MinimumVisualStudioVersion = 10.0.40219.1
Project("{2150E333-8FDC-42A3-9474-1A3956D46DE8}") = "Solution Items", "Solution Items", "{35F9EC95-1109-402E-8723-0826ABFD5898}"
	ProjectSection(SolutionItems) = preProject
		.editorconfig = .editorconfig
	EndProjectSection
EndProject
Project("{FAE04EC0-301F-11D3-BF4B-00C04F79EFBC}") = "VerySimpleUseCase", "VerySimpleUseCase\VerySimpleUseCase.csproj", "{02D98F1B-E534-4364-99C5-EA20638BB59A}"
EndProject
Global
	GlobalSection(SolutionConfigurationPlatforms) = preSolution
		Debug|Any CPU = Debug|Any CPU
		Release|Any CPU = Release|Any CPU
	EndGlobalSection
	GlobalSection(ProjectConfigurationPlatforms) = postSolution
		{02D98F1B-E534-4364-99C5-EA20638BB59A}.Debug|Any CPU.ActiveCfg = Debug|Any CPU
		{02D98F1B-E534-4364-99C5-EA20638BB59A}.Debug|Any CPU.Build.0 = Debug|Any CPU
		{02D98F1B-E534-4364-99C5-EA20638BB59A}.Release|Any CPU.ActiveCfg = Release|Any CPU
		{02D98F1B-E534-4364-99C5-EA20638BB59A}.Release|Any CPU.Build.0 = Release|Any CPU
	EndGlobalSection
	GlobalSection(SolutionProperties) = preSolution
		HideSolutionNode = FALSE
	EndGlobalSection
	GlobalSection(ExtensibilityGlobals) = postSolution
		SolutionGuid = {B4101853-A9CE-4510-A3C0-E75F2DE51852}
	EndGlobalSection
EndGlobal
