
Microsoft Visual Studio Solution File, Format Version 12.00
# Visual Studio Version 17
VisualStudioVersion = 17.0.32014.148
MinimumVisualStudioVersion = 10.0.40219.1
Project("{9A19103F-16F7-4668-BE54-9A1E7A4F7556}") = "CaptainLogger.MinimalApi", "CaptainLogger.MinimalApi\CaptainLogger.MinimalApi.csproj", "{C444D8E7-363F-4D1D-8000-42BF9F8C6960}"
EndProject
Project("{FAE04EC0-301F-11D3-BF4B-00C04F79EFBC}") = "CaptainLogger.Templates", "CaptainLogger.Templates\CaptainLogger.Templates.csproj", "{98C0E4DE-C304-45D1-BAC4-EF507C275F84}"
EndProject
Global
	GlobalSection(SolutionConfigurationPlatforms) = preSolution
		Debug|Any CPU = Debug|Any CPU
		Release|Any CPU = Release|Any CPU
	EndGlobalSection
	GlobalSection(ProjectConfigurationPlatforms) = postSolution
		{C444D8E7-363F-4D1D-8000-42BF9F8C6960}.Debug|Any CPU.ActiveCfg = Debug|Any CPU
		{C444D8E7-363F-4D1D-8000-42BF9F8C6960}.Debug|Any CPU.Build.0 = Debug|Any CPU
		{C444D8E7-363F-4D1D-8000-42BF9F8C6960}.Release|Any CPU.ActiveCfg = Release|Any CPU
		{C444D8E7-363F-4D1D-8000-42BF9F8C6960}.Release|Any CPU.Build.0 = Release|Any CPU
		{98C0E4DE-C304-45D1-BAC4-EF507C275F84}.Debug|Any CPU.ActiveCfg = Debug|Any CPU
		{98C0E4DE-C304-45D1-BAC4-EF507C275F84}.Debug|Any CPU.Build.0 = Debug|Any CPU
		{98C0E4DE-C304-45D1-BAC4-EF507C275F84}.Release|Any CPU.ActiveCfg = Release|Any CPU
		{98C0E4DE-C304-45D1-BAC4-EF507C275F84}.Release|Any CPU.Build.0 = Release|Any CPU
	EndGlobalSection
	GlobalSection(SolutionProperties) = preSolution
		HideSolutionNode = FALSE
	EndGlobalSection
	GlobalSection(ExtensibilityGlobals) = postSolution
		SolutionGuid = {BFB85E9B-9516-429B-B496-436816E7F20F}
	EndGlobalSection
EndGlobal
